
Microsoft Visual Studio Solution File, Format Version 12.00
# Visual Studio 15
VisualStudioVersion = 15.0.28307.489
MinimumVisualStudioVersion = 10.0.40219.1
Project("{FAE04EC0-301F-11D3-BF4B-00C04F79EFBC}") = "ProductSoat", "WebApplication2\ProductSoat.csproj", "{EB7E019E-E092-4D19-836E-27A2909DD803}"
EndProject
Project("{FAE04EC0-301F-11D3-BF4B-00C04F79EFBC}") = "Product.Test", "Product.Test\Product.Test.csproj", "{4A987C17-C38D-499E-9AD7-76B7F47A4150}"
EndProject
Project("{FAE04EC0-301F-11D3-BF4B-00C04F79EFBC}") = "ProductConsole2", "ProductConsole2\ProductConsole2.csproj", "{4AEFB40C-5406-4332-A9D1-FCB11948031F}"
EndProject
Global
	GlobalSection(SolutionConfigurationPlatforms) = preSolution
		Debug|Any CPU = Debug|Any CPU
		Release|Any CPU = Release|Any CPU
	EndGlobalSection
	GlobalSection(ProjectConfigurationPlatforms) = postSolution
		{EB7E019E-E092-4D19-836E-27A2909DD803}.Debug|Any CPU.ActiveCfg = Debug|Any CPU
		{EB7E019E-E092-4D19-836E-27A2909DD803}.Debug|Any CPU.Build.0 = Debug|Any CPU
		{EB7E019E-E092-4D19-836E-27A2909DD803}.Release|Any CPU.ActiveCfg = Release|Any CPU
		{EB7E019E-E092-4D19-836E-27A2909DD803}.Release|Any CPU.Build.0 = Release|Any CPU
		{4A987C17-C38D-499E-9AD7-76B7F47A4150}.Debug|Any CPU.ActiveCfg = Debug|Any CPU
		{4A987C17-C38D-499E-9AD7-76B7F47A4150}.Debug|Any CPU.Build.0 = Debug|Any CPU
		{4A987C17-C38D-499E-9AD7-76B7F47A4150}.Release|Any CPU.ActiveCfg = Release|Any CPU
		{4A987C17-C38D-499E-9AD7-76B7F47A4150}.Release|Any CPU.Build.0 = Release|Any CPU
		{4AEFB40C-5406-4332-A9D1-FCB11948031F}.Debug|Any CPU.ActiveCfg = Debug|Any CPU
		{4AEFB40C-5406-4332-A9D1-FCB11948031F}.Debug|Any CPU.Build.0 = Debug|Any CPU
		{4AEFB40C-5406-4332-A9D1-FCB11948031F}.Release|Any CPU.ActiveCfg = Release|Any CPU
		{4AEFB40C-5406-4332-A9D1-FCB11948031F}.Release|Any CPU.Build.0 = Release|Any CPU
	EndGlobalSection
	GlobalSection(SolutionProperties) = preSolution
		HideSolutionNode = FALSE
	EndGlobalSection
	GlobalSection(ExtensibilityGlobals) = postSolution
		SolutionGuid = {725F5187-9322-4077-9C01-4E7B78A679B3}
	EndGlobalSection
EndGlobal
